
Microsoft Visual Studio Solution File, Format Version 12.00
# Visual Studio Version 17
VisualStudioVersion = 17.2.32630.192
MinimumVisualStudioVersion = 10.0.40219.1
Project("{FAE04EC0-301F-11D3-BF4B-00C04F79EFBC}") = "Tower-Defense", "Tower-Defense.csproj", "{A605E4C7-4135-470F-84B3-6D1CC00EDC1A}"
EndProject
Global
	GlobalSection(SolutionConfigurationPlatforms) = preSolution
		Debug|Any CPU = Debug|Any CPU
		Release|Any CPU = Release|Any CPU
	EndGlobalSection
	GlobalSection(ProjectConfigurationPlatforms) = postSolution
		{A605E4C7-4135-470F-84B3-6D1CC00EDC1A}.Debug|Any CPU.ActiveCfg = Debug|Any CPU
		{A605E4C7-4135-470F-84B3-6D1CC00EDC1A}.Debug|Any CPU.Build.0 = Debug|Any CPU
		{A605E4C7-4135-470F-84B3-6D1CC00EDC1A}.Release|Any CPU.ActiveCfg = Release|Any CPU
		{A605E4C7-4135-470F-84B3-6D1CC00EDC1A}.Release|Any CPU.Build.0 = Release|Any CPU
	EndGlobalSection
	GlobalSection(SolutionProperties) = preSolution
		HideSolutionNode = FALSE
	EndGlobalSection
	GlobalSection(ExtensibilityGlobals) = postSolution
		SolutionGuid = {001D8C43-26A9-4594-90E4-DAC2C0997782}
	EndGlobalSection
EndGlobal
