
Microsoft Visual Studio Solution File, Format Version 12.00
# Visual Studio Version 16
VisualStudioVersion = 16.0.29411.108
MinimumVisualStudioVersion = 10.0.40219.1
Project("{FAE04EC0-301F-11D3-BF4B-00C04F79EFBC}") = "Tower-Defense", "Tower-Defense\Tower-Defense.csproj", "{F7F29F56-28FF-40E5-B189-9443EED2BED6}"
EndProject
Global
	GlobalSection(SolutionConfigurationPlatforms) = preSolution
		Debug|x86 = Debug|x86
		Release|x86 = Release|x86
	EndGlobalSection
	GlobalSection(ProjectConfigurationPlatforms) = postSolution
		{F7F29F56-28FF-40E5-B189-9443EED2BED6}.Debug|x86.ActiveCfg = Debug|x86
		{F7F29F56-28FF-40E5-B189-9443EED2BED6}.Debug|x86.Build.0 = Debug|x86
		{F7F29F56-28FF-40E5-B189-9443EED2BED6}.Release|x86.ActiveCfg = Release|x86
		{F7F29F56-28FF-40E5-B189-9443EED2BED6}.Release|x86.Build.0 = Release|x86
	EndGlobalSection
	GlobalSection(SolutionProperties) = preSolution
		HideSolutionNode = FALSE
	EndGlobalSection
	GlobalSection(ExtensibilityGlobals) = postSolution
		SolutionGuid = {92A8F8FC-BEAF-4EB1-9672-550A2DD76398}
	EndGlobalSection
EndGlobal
